
Microsoft Visual Studio Solution File, Format Version 12.00
# Visual Studio 2013
VisualStudioVersion = 12.0.31101.0
MinimumVisualStudioVersion = 10.0.40219.1
Project("{FAE04EC0-301F-11D3-BF4B-00C04F79EFBC}") = "Emercoin_DPO_SN_Publisher", "Emercoin_DPO_SN_Publisher\Emercoin_DPO_SN_Publisher.csproj", "{5D7C31E1-5855-4C23-845F-0F685E4EB3AA}"
EndProject
Project("{54435603-DBB4-11D2-8724-00A0C9A8B90C}") = "Emercoin_DPO_SN_Setup", "Emercoin_DPO_SN_Setup\Emercoin_DPO_SN_Setup.vdproj", "{8FD6AAE6-C7EA-46CF-94FE-2DEF0F1913E6}"
EndProject
Project("{FAE04EC0-301F-11D3-BF4B-00C04F79EFBC}") = "UnitTestProject", "UnitTestProject\UnitTestProject.csproj", "{EACF09CA-6232-4C4C-8C45-E84648F2C2C0}"
EndProject
Global
	GlobalSection(SolutionConfigurationPlatforms) = preSolution
		Debug|Any CPU = Debug|Any CPU
		Release|Any CPU = Release|Any CPU
	EndGlobalSection
	GlobalSection(ProjectConfigurationPlatforms) = postSolution
		{5D7C31E1-5855-4C23-845F-0F685E4EB3AA}.Debug|Any CPU.ActiveCfg = Debug|Any CPU
		{5D7C31E1-5855-4C23-845F-0F685E4EB3AA}.Debug|Any CPU.Build.0 = Debug|Any CPU
		{5D7C31E1-5855-4C23-845F-0F685E4EB3AA}.Release|Any CPU.ActiveCfg = Release|Any CPU
		{5D7C31E1-5855-4C23-845F-0F685E4EB3AA}.Release|Any CPU.Build.0 = Release|Any CPU
		{8FD6AAE6-C7EA-46CF-94FE-2DEF0F1913E6}.Debug|Any CPU.ActiveCfg = Debug
		{8FD6AAE6-C7EA-46CF-94FE-2DEF0F1913E6}.Release|Any CPU.ActiveCfg = Release
		{8FD6AAE6-C7EA-46CF-94FE-2DEF0F1913E6}.Release|Any CPU.Build.0 = Release
		{EACF09CA-6232-4C4C-8C45-E84648F2C2C0}.Debug|Any CPU.ActiveCfg = Debug|Any CPU
		{EACF09CA-6232-4C4C-8C45-E84648F2C2C0}.Debug|Any CPU.Build.0 = Debug|Any CPU
		{EACF09CA-6232-4C4C-8C45-E84648F2C2C0}.Release|Any CPU.ActiveCfg = Release|Any CPU
		{EACF09CA-6232-4C4C-8C45-E84648F2C2C0}.Release|Any CPU.Build.0 = Release|Any CPU
	EndGlobalSection
	GlobalSection(SolutionProperties) = preSolution
		HideSolutionNode = FALSE
	EndGlobalSection
EndGlobal
